// !$*UTF8*$!
{
	archiveVersion = 1;
	classes = {
	};
	objectVersion = 46;
	objects = {

/* Begin PBXBuildFile section */
		032C576B193D72C10068422A /* AppDelegate.swift in Sources */ = {isa = PBXBuildFile; fileRef = 032C576A193D72C10068422A /* AppDelegate.swift */; };
		032C576D193D72C10068422A /* ViewController.swift in Sources */ = {isa = PBXBuildFile; fileRef = 032C576C193D72C10068422A /* ViewController.swift */; };
		032C5770193D72C10068422A /* Main.storyboard in Resources */ = {isa = PBXBuildFile; fileRef = 032C576E193D72C10068422A /* Main.storyboard */; };
		032C5772193D72C10068422A /* Images.xcassets in Resources */ = {isa = PBXBuildFile; fileRef = 032C5771193D72C10068422A /* Images.xcassets */; };
		032C577E193D72C10068422A /* SwiftTestTests.swift in Sources */ = {isa = PBXBuildFile; fileRef = 032C577D193D72C10068422A /* SwiftTestTests.swift */; };
/* End PBXBuildFile section */

/* Begin PBXContainerItemProxy section */
		032C5778193D72C10068422A /* PBXContainerItemProxy */ = {
			isa = PBXContainerItemProxy;
			containerPortal = 032C575D193D72C10068422A /* Project object */;
			proxyType = 1;
			remoteGlobalIDString = 032C5764193D72C10068422A;
			remoteInfo = SwiftTest;
		};
/* End PBXContainerItemProxy section */

/* Begin PBXFileReference section */
		032C5765193D72C10068422A /* SwiftTest.app */ = {isa = PBXFileReference; explicitFileType = wrapper.application; includeInIndex = 0; path = SwiftTest.app; sourceTree = BUILT_PRODUCTS_DIR; };
		032C5769193D72C10068422A /* Info.plist */ = {isa = PBXFileReference; lastKnownFileType = text.plist.xml; path = Info.plist; sourceTree = "<group>"; };
		032C576A193D72C10068422A /* AppDelegate.swift */ = {isa = PBXFileReference; lastKnownFileType = sourcecode.swift; path = AppDelegate.swift; sourceTree = "<group>"; };
		032C576C193D72C10068422A /* ViewController.swift */ = {isa = PBXFileReference; lastKnownFileType = sourcecode.swift; path = ViewController.swift; sourceTree = "<group>"; };
		032C576F193D72C10068422A /* Base */ = {isa = PBXFileReference; lastKnownFileType = file.storyboard; name = Base; path = Base.lproj/Main.storyboard; sourceTree = "<group>"; };
		032C5771193D72C10068422A /* Images.xcassets */ = {isa = PBXFileReference; lastKnownFileType = folder.assetcatalog; path = Images.xcassets; sourceTree = "<group>"; };
		032C5777193D72C10068422A /* SwiftTestTests.xctest */ = {isa = PBXFileReference; explicitFileType = wrapper.cfbundle; includeInIndex = 0; path = SwiftTestTests.xctest; sourceTree = BUILT_PRODUCTS_DIR; };
		032C577C193D72C10068422A /* Info.plist */ = {isa = PBXFileReference; lastKnownFileType = text.plist.xml; path = Info.plist; sourceTree = "<group>"; };
		032C577D193D72C10068422A /* SwiftTestTests.swift */ = {isa = PBXFileReference; lastKnownFileType = sourcecode.swift; path = SwiftTestTests.swift; sourceTree = "<group>"; };
/* End PBXFileReference section */

/* Begin PBXFrameworksBuildPhase section */
		032C5762193D72C10068422A /* Frameworks */ = {
			isa = PBXFrameworksBuildPhase;
			buildActionMask = 2147483647;
			files = (
			);
			runOnlyForDeploymentPostprocessing = 0;
		};
		032C5774193D72C10068422A /* Frameworks */ = {
			isa = PBXFrameworksBuildPhase;
			buildActionMask = 2147483647;
			files = (
			);
			runOnlyForDeploymentPostprocessing = 0;
		};
/* End PBXFrameworksBuildPhase section */

/* Begin PBXGroup section */
		032C575C193D72C10068422A = {
			isa = PBXGroup;
			children = (
				032C5767193D72C10068422A /* SwiftTest */,
				032C577A193D72C10068422A /* SwiftTestTests */,
				032C5766193D72C10068422A /* Products */,
			);
			sourceTree = "<group>";
		};
		032C5766193D72C10068422A /* Products */ = {
			isa = PBXGroup;
			children = (
				032C5765193D72C10068422A /* SwiftTest.app */,
				032C5777193D72C10068422A /* SwiftTestTests.xctest */,
			);
			name = Products;
			sourceTree = "<group>";
		};
		032C5767193D72C10068422A /* SwiftTest */ = {
			isa = PBXGroup;
			children = (
				032C576A193D72C10068422A /* AppDelegate.swift */,
				032C576C193D72C10068422A /* ViewController.swift */,
				032C576E193D72C10068422A /* Main.storyboard */,
				032C5771193D72C10068422A /* Images.xcassets */,
				032C5768193D72C10068422A /* Supporting Files */,
			);
			path = SwiftTest;
			sourceTree = "<group>";
		};
		032C5768193D72C10068422A /* Supporting Files */ = {
			isa = PBXGroup;
			children = (
				032C5769193D72C10068422A /* Info.plist */,
			);
			name = "Supporting Files";
			sourceTree = "<group>";
		};
		032C577A193D72C10068422A /* SwiftTestTests */ = {
			isa = PBXGroup;
			children = (
				032C577D193D72C10068422A /* SwiftTestTests.swift */,
				032C577B193D72C10068422A /* Supporting Files */,
			);
			path = SwiftTestTests;
			sourceTree = "<group>";
		};
		032C577B193D72C10068422A /* Supporting Files */ = {
			isa = PBXGroup;
			children = (
				032C577C193D72C10068422A /* Info.plist */,
			);
			name = "Supporting Files";
			sourceTree = "<group>";
		};
/* End PBXGroup section */

/* Begin PBXNativeTarget section */
		032C5764193D72C10068422A /* SwiftTest */ = {
			isa = PBXNativeTarget;
			buildConfigurationList = 032C5781193D72C10068422A /* Build configuration list for PBXNativeTarget "SwiftTest" */;
			buildPhases = (
				032C5761193D72C10068422A /* Sources */,
				032C5762193D72C10068422A /* Frameworks */,
				032C5763193D72C10068422A /* Resources */,
			);
			buildRules = (
			);
			dependencies = (
			);
			name = SwiftTest;
			productName = SwiftTest;
			productReference = 032C5765193D72C10068422A /* SwiftTest.app */;
			productType = "com.apple.product-type.application";
		};
		032C5776193D72C10068422A /* SwiftTestTests */ = {
			isa = PBXNativeTarget;
			buildConfigurationList = 032C5784193D72C10068422A /* Build configuration list for PBXNativeTarget "SwiftTestTests" */;
			buildPhases = (
				032C5773193D72C10068422A /* Sources */,
				032C5774193D72C10068422A /* Frameworks */,
				032C5775193D72C10068422A /* Resources */,
			);
			buildRules = (
			);
			dependencies = (
				032C5779193D72C10068422A /* PBXTargetDependency */,
			);
			name = SwiftTestTests;
			productName = SwiftTestTests;
			productReference = 032C5777193D72C10068422A /* SwiftTestTests.xctest */;
			productType = "com.apple.product-type.bundle.unit-test";
		};
/* End PBXNativeTarget section */

/* Begin PBXProject section */
		032C575D193D72C10068422A /* Project object */ = {
			isa = PBXProject;
			attributes = {
				LastUpgradeCheck = 0600;
				ORGANIZATIONNAME = RokkinCat;
				TargetAttributes = {
					032C5764193D72C10068422A = {
						CreatedOnToolsVersion = 6.0;
					};
					032C5776193D72C10068422A = {
						CreatedOnToolsVersion = 6.0;
						TestTargetID = 032C5764193D72C10068422A;
					};
				};
			};
			buildConfigurationList = 032C5760193D72C10068422A /* Build configuration list for PBXProject "SwiftTest" */;
			compatibilityVersion = "Xcode 3.2";
			developmentRegion = English;
			hasScannedForEncodings = 0;
			knownRegions = (
				en,
				Base,
			);
			mainGroup = 032C575C193D72C10068422A;
			productRefGroup = 032C5766193D72C10068422A /* Products */;
			projectDirPath = "";
			projectRoot = "";
			targets = (
				032C5764193D72C10068422A /* SwiftTest */,
				032C5776193D72C10068422A /* SwiftTestTests */,
			);
		};
/* End PBXProject section */

/* Begin PBXResourcesBuildPhase section */
		032C5763193D72C10068422A /* Resources */ = {
			isa = PBXResourcesBuildPhase;
			buildActionMask = 2147483647;
			files = (
				032C5770193D72C10068422A /* Main.storyboard in Resources */,
				032C5772193D72C10068422A /* Images.xcassets in Resources */,
			);
			runOnlyForDeploymentPostprocessing = 0;
		};
		032C5775193D72C10068422A /* Resources */ = {
			isa = PBXResourcesBuildPhase;
			buildActionMask = 2147483647;
			files = (
			);
			runOnlyForDeploymentPostprocessing = 0;
		};
/* End PBXResourcesBuildPhase section */

/* Begin PBXSourcesBuildPhase section */
		032C5761193D72C10068422A /* Sources */ = {
			isa = PBXSourcesBuildPhase;
			buildActionMask = 2147483647;
			files = (
				032C576D193D72C10068422A /* ViewController.swift in Sources */,
				032C576B193D72C10068422A /* AppDelegate.swift in Sources */,
			);
			runOnlyForDeploymentPostprocessing = 0;
		};
		032C5773193D72C10068422A /* Sources */ = {
			isa = PBXSourcesBuildPhase;
			buildActionMask = 2147483647;
			files = (
				032C577E193D72C10068422A /* SwiftTestTests.swift in Sources */,
			);
			runOnlyForDeploymentPostprocessing = 0;
		};
/* End PBXSourcesBuildPhase section */

/* Begin PBXTargetDependency section */
		032C5779193D72C10068422A /* PBXTargetDependency */ = {
			isa = PBXTargetDependency;
			target = 032C5764193D72C10068422A /* SwiftTest */;
			targetProxy = 032C5778193D72C10068422A /* PBXContainerItemProxy */;
		};
/* End PBXTargetDependency section */

/* Begin PBXVariantGroup section */
		032C576E193D72C10068422A /* Main.storyboard */ = {
			isa = PBXVariantGroup;
			children = (
				032C576F193D72C10068422A /* Base */,
			);
			name = Main.storyboard;
			sourceTree = "<group>";
		};
/* End PBXVariantGroup section */

/* Begin XCBuildConfiguration section */
		032C577F193D72C10068422A /* Debug */ = {
			isa = XCBuildConfiguration;
			buildSettings = {
				ALWAYS_SEARCH_USER_PATHS = NO;
				CLANG_CXX_LANGUAGE_STANDARD = "gnu++0x";
				CLANG_CXX_LIBRARY = "libc++";
				CLANG_ENABLE_MODULES = YES;
				CLANG_ENABLE_OBJC_ARC = YES;
				CLANG_WARN_BOOL_CONVERSION = YES;
				CLANG_WARN_CONSTANT_CONVERSION = YES;
				CLANG_WARN_DIRECT_OBJC_ISA_USAGE = YES_ERROR;
				CLANG_WARN_EMPTY_BODY = YES;
				CLANG_WARN_ENUM_CONVERSION = YES;
				CLANG_WARN_INT_CONVERSION = YES;
				CLANG_WARN_OBJC_ROOT_CLASS = YES_ERROR;
				CLANG_WARN_UNREACHABLE_CODE = YES;
				CLANG_WARN__DUPLICATE_METHOD_MATCH = YES;
				"CODE_SIGN_IDENTITY[sdk=iphoneos*]" = "iPhone Developer";
				COPY_PHASE_STRIP = NO;
				ENABLE_STRICT_OBJC_MSGSEND = YES;
				GCC_C_LANGUAGE_STANDARD = gnu99;
				GCC_DYNAMIC_NO_PIC = NO;
				GCC_OPTIMIZATION_LEVEL = 0;
				GCC_PREPROCESSOR_DEFINITIONS = (
					"DEBUG=1",
					"$(inherited)",
				);
				GCC_SYMBOLS_PRIVATE_EXTERN = NO;
				GCC_WARN_64_TO_32_BIT_CONVERSION = YES;
				GCC_WARN_ABOUT_RETURN_TYPE = YES_ERROR;
				GCC_WARN_UNDECLARED_SELECTOR = YES;
				GCC_WARN_UNINITIALIZED_AUTOS = YES_AGGRESSIVE;
				GCC_WARN_UNUSED_FUNCTION = YES;
				GCC_WARN_UNUSED_VARIABLE = YES;
				IPHONEOS_DEPLOYMENT_TARGET = 8.0;
				METAL_ENABLE_DEBUG_INFO = YES;
				ONLY_ACTIVE_ARCH = YES;
				SDKROOT = iphoneos;
				SWIFT_OPTIMIZATION_LEVEL = "-Onone";
			};
			name = Debug;
		};
		032C5780193D72C10068422A /* Release */ = {
			isa = XCBuildConfiguration;
			buildSettings = {
				ALWAYS_SEARCH_USER_PATHS = NO;
				CLANG_CXX_LANGUAGE_STANDARD = "gnu++0x";
				CLANG_CXX_LIBRARY = "libc++";
				CLANG_ENABLE_MODULES = YES;
				CLANG_ENABLE_OBJC_ARC = YES;
				CLANG_WARN_BOOL_CONVERSION = YES;
				CLANG_WARN_CONSTANT_CONVERSION = YES;
				CLANG_WARN_DIRECT_OBJC_ISA_USAGE = YES_ERROR;
				CLANG_WARN_EMPTY_BODY = YES;
				CLANG_WARN_ENUM_CONVERSION = YES;
				CLANG_WARN_INT_CONVERSION = YES;
				CLANG_WARN_OBJC_ROOT_CLASS = YES_ERROR;
				CLANG_WARN_UNREACHABLE_CODE = YES;
				CLANG_WARN__DUPLICATE_METHOD_MATCH = YES;
				"CODE_SIGN_IDENTITY[sdk=iphoneos*]" = "iPhone Developer";
				COPY_PHASE_STRIP = YES;
				ENABLE_NS_ASSERTIONS = NO;
				ENABLE_STRICT_OBJC_MSGSEND = YES;
				GCC_C_LANGUAGE_STANDARD = gnu99;
				GCC_WARN_64_TO_32_BIT_CONVERSION = YES;
				GCC_WARN_ABOUT_RETURN_TYPE = YES_ERROR;
				GCC_WARN_UNDECLARED_SELECTOR = YES;
				GCC_WARN_UNINITIALIZED_AUTOS = YES_AGGRESSIVE;
				GCC_WARN_UNUSED_FUNCTION = YES;
				GCC_WARN_UNUSED_VARIABLE = YES;
				IPHONEOS_DEPLOYMENT_TARGET = 8.0;
				METAL_ENABLE_DEBUG_INFO = NO;
				SDKROOT = iphoneos;
				VALIDATE_PRODUCT = YES;
			};
			name = Release;
		};
		032C5782193D72C10068422A /* Debug */ = {
			isa = XCBuildConfiguration;
			buildSettings = {
				ASSETCATALOG_COMPILER_APPICON_NAME = AppIcon;
				ASSETCATALOG_COMPILER_LAUNCHIMAGE_NAME = LaunchImage;
				INFOPLIST_FILE = SwiftTest/Info.plist;
				LD_RUNPATH_SEARCH_PATHS = "$(inherited) @executable_path/Frameworks";
				PRODUCT_NAME = "$(TARGET_NAME)";
			};
			name = Debug;
		};
		032C5783193D72C10068422A /* Release */ = {
			isa = XCBuildConfiguration;
			buildSettings = {
				ASSETCATALOG_COMPILER_APPICON_NAME = AppIcon;
				ASSETCATALOG_COMPILER_LAUNCHIMAGE_NAME = LaunchImage;
				INFOPLIST_FILE = SwiftTest/Info.plist;
				LD_RUNPATH_SEARCH_PATHS = "$(inherited) @executable_path/Frameworks";
				PRODUCT_NAME = "$(TARGET_NAME)";
			};
			name = Release;
		};
		032C5785193D72C10068422A /* Debug */ = {
			isa = XCBuildConfiguration;
			buildSettings = {
				BUNDLE_LOADER = "$(BUILT_PRODUCTS_DIR)/SwiftTest.app/SwiftTest";
				FRAMEWORK_SEARCH_PATHS = (
					"$(SDKROOT)/Developer/Library/Frameworks",
					"$(inherited)",
				);
				GCC_PREPROCESSOR_DEFINITIONS = (
					"DEBUG=1",
					"$(inherited)",
				);
				INFOPLIST_FILE = SwiftTestTests/Info.plist;
				LD_RUNPATH_SEARCH_PATHS = "$(inherited) @executable_path/Frameworks @loader_path/Frameworks";
				METAL_ENABLE_DEBUG_INFO = YES;
				PRODUCT_NAME = "$(TARGET_NAME)";
				TEST_HOST = "$(BUNDLE_LOADER)";
			};
			name = Debug;
		};
		032C5786193D72C10068422A /* Release */ = {
			isa = XCBuildConfiguration;
			buildSettings = {
				BUNDLE_LOADER = "$(BUILT_PRODUCTS_DIR)/SwiftTest.app/SwiftTest";
				FRAMEWORK_SEARCH_PATHS = (
					"$(SDKROOT)/Developer/Library/Frameworks",
					"$(inherited)",
				);
				INFOPLIST_FILE = SwiftTestTests/Info.plist;
				LD_RUNPATH_SEARCH_PATHS = "$(inherited) @executable_path/Frameworks @loader_path/Frameworks";
				METAL_ENABLE_DEBUG_INFO = NO;
				PRODUCT_NAME = "$(TARGET_NAME)";
				TEST_HOST = "$(BUNDLE_LOADER)";
			};
			name = Release;
		};
/* End XCBuildConfiguration section */

/* Begin XCConfigurationList section */
		032C5760193D72C10068422A /* Build configuration list for PBXProject "SwiftTest" */ = {
			isa = XCConfigurationList;
			buildConfigurations = (
				032C577F193D72C10068422A /* Debug */,
				032C5780193D72C10068422A /* Release */,
			);
			defaultConfigurationIsVisible = 0;
			defaultConfigurationName = Release;
		};
		032C5781193D72C10068422A /* Build configuration list for PBXNativeTarget "SwiftTest" */ = {
			isa = XCConfigurationList;
			buildConfigurations = (
				032C5782193D72C10068422A /* Debug */,
				032C5783193D72C10068422A /* Release */,
			);
			defaultConfigurationIsVisible = 0;
		};
		032C5784193D72C10068422A /* Build configuration list for PBXNativeTarget "SwiftTestTests" */ = {
			isa = XCConfigurationList;
			buildConfigurations = (
				032C5785193D72C10068422A /* Debug */,
				032C5786193D72C10068422A /* Release */,
			);
			defaultConfigurationIsVisible = 0;
		};
/* End XCConfigurationList section */
	};
	rootObject = 032C575D193D72C10068422A /* Project object */;
}
